<?xml version="1.0" encoding="utf-8"?>
<Project ToolsVersion="4.0" xmlns="http://schemas.microsoft.com/developer/msbuild/2003">
  <ItemGroup>
    <Filter Include="Source Files">
      <UniqueIdentifier>{4FC737F1-C7A5-4376-A066-2A32D752A2FF}</UniqueIdentifier>
      <Extensions>cpp;c;cc;cxx;def;odl;idl;hpj;bat;asm;asmx</Extensions>
    </Filter>
    <Filter Include="Header Files">
      <UniqueIdentifier>{93995380-89BD-4b04-88EB-625FBE52EBFB}</UniqueIdentifier>
      <Extensions>h;hpp;hxx;hm;inl;inc;xsd</Extensions>
    </Filter>
    <Filter Include="Resource Files">
      <UniqueIdentifier>{67DA6AB6-F800-4c08-8B7A-83BB121AAD01}</UniqueIdentifier>
      <Extensions>rc;ico;cur;bmp;dlg;rc2;rct;bin;rgs;gif;jpg;jpeg;jpe;resx;tiff;tif;png;wav;mfcribbon-ms</Extensions>
    </Filter>
  </ItemGroup>
  <ItemGroup>
    <ClInclude Include="LeagueParser.hxx">
      <Filter>Header Files</Filter>
    </ClInclude>
    <ClInclude Include="LeagueParserImpl.hxx">
      <Filter>Header Files</Filter>
    </ClInclude>
    <ClInclude Include="Singleton.hxx">
      <Filter>Header Files</Filter>
    </ClInclude>
    <ClInclude Include="StatisticsManager.hxx">
      <Filter>Header Files</Filter>
    </ClInclude>
    <ClInclude Include="StatisticsType.hxx">
      <Filter>Header Files</Filter>
    </ClInclude>
    <ClInclude Include="StatisticsReport.hxx">
      <Filter>Header Files</Filter>
    </ClInclude>
    <ClInclude Include="StatisticsTypeFactory.hxx">
      <Filter>Header Files</Filter>
    </ClInclude>
    <ClInclude Include="StatisticsSalary.hxx">
      <Filter>Header Files</Filter>
    </ClInclude>
    <ClInclude Include="Strip.hxx">
      <Filter>Header Files</Filter>
    </ClInclude>
    <ClInclude Include="StatisticsAge.hxx">
      <Filter>Header Files</Filter>
    </ClInclude>
    <ClInclude Include="StatisticsHeight.hxx">
      <Filter>Header Files</Filter>
    </ClInclude>
    <ClInclude Include="StatisticsRate.hxx">
      <Filter>Header Files</Filter>
    </ClInclude>
    <ClInclude Include="StatisticsNation.hxx">
      <Filter>Header Files</Filter>
    </ClInclude>
    <ClInclude Include="StatisticsClub.hxx">
      <Filter>Header Files</Filter>
    </ClInclude>
    <ClInclude Include="IconvPair.hxx">
      <Filter>Header Files</Filter>
    </ClInclude>
  </ItemGroup>
  <ItemGroup>
    <ClCompile Include="LeagueParser.cxx">
      <Filter>Source Files</Filter>
    </ClCompile>
    <ClCompile Include="LeagueParserImpl.cxx">
      <Filter>Source Files</Filter>
    </ClCompile>
    <ClCompile Include="StatisticsManager.cxx">
      <Filter>Source Files</Filter>
    </ClCompile>
    <ClCompile Include="StatisticsTypeFactory.cxx">
      <Filter>Source Files</Filter>
    </ClCompile>
    <ClCompile Include="StatisticsSalary.cxx">
      <Filter>Source Files</Filter>
    </ClCompile>
    <ClCompile Include="Strip.cxx">
      <Filter>Source Files</Filter>
    </ClCompile>
    <ClCompile Include="StatisticsAge.cxx">
      <Filter>Source Files</Filter>
    </ClCompile>
    <ClCompile Include="StatisticsHeight.cxx">
      <Filter>Source Files</Filter>
    </ClCompile>
    <ClCompile Include="StatisticsRate.cxx">
      <Filter>Source Files</Filter>
    </ClCompile>
    <ClCompile Include="StatisticsNation.cxx">
      <Filter>Source Files</Filter>
    </ClCompile>
    <ClCompile Include="StatisticsClub.cxx">
      <Filter>Source Files</Filter>
    </ClCompile>
    <ClCompile Include="IconvPair.cxx">
      <Filter>Source Files</Filter>
    </ClCompile>
  </ItemGroup>
</Project>